
Microsoft Visual Studio Solution File, Format Version 12.00
# Visual Studio 2017
Project("{FAE04EC0-301F-11D3-BF4B-00C04F79EFBC}") = "MultiPlayerFPS Android 10.Plugins", "MultiPlayerFPS Android 10.Plugins.csproj", "{3B36C41A-9DFF-6F8A-E936-4CCDB933D69B}"
EndProject
Project("{FAE04EC0-301F-11D3-BF4B-00C04F79EFBC}") = "MultiPlayerFPS Android 10", "MultiPlayerFPS Android 10.csproj", "{EFCCBE62-AFFD-B479-ED1A-CDF68AEB7C47}"
EndProject
Project("{FAE04EC0-301F-11D3-BF4B-00C04F79EFBC}") = "MultiPlayerFPS Android 10.Editor", "MultiPlayerFPS Android 10.Editor.csproj", "{B8392500-B873-4EC0-6AAD-56758F54C543}"
EndProject
Global
	GlobalSection(SolutionConfigurationPlatforms) = preSolution
		Debug|Any CPU = Debug|Any CPU
		Release|Any CPU = Release|Any CPU
	EndGlobalSection
	GlobalSection(ProjectConfigurationPlatforms) = postSolution
		{3B36C41A-9DFF-6F8A-E936-4CCDB933D69B}.Debug|Any CPU.ActiveCfg = Debug|Any CPU
		{3B36C41A-9DFF-6F8A-E936-4CCDB933D69B}.Debug|Any CPU.Build.0 = Debug|Any CPU
		{3B36C41A-9DFF-6F8A-E936-4CCDB933D69B}.Release|Any CPU.ActiveCfg = Release|Any CPU
		{3B36C41A-9DFF-6F8A-E936-4CCDB933D69B}.Release|Any CPU.Build.0 = Release|Any CPU
		{EFCCBE62-AFFD-B479-ED1A-CDF68AEB7C47}.Debug|Any CPU.ActiveCfg = Debug|Any CPU
		{EFCCBE62-AFFD-B479-ED1A-CDF68AEB7C47}.Debug|Any CPU.Build.0 = Debug|Any CPU
		{EFCCBE62-AFFD-B479-ED1A-CDF68AEB7C47}.Release|Any CPU.ActiveCfg = Release|Any CPU
		{EFCCBE62-AFFD-B479-ED1A-CDF68AEB7C47}.Release|Any CPU.Build.0 = Release|Any CPU
		{B8392500-B873-4EC0-6AAD-56758F54C543}.Debug|Any CPU.ActiveCfg = Debug|Any CPU
		{B8392500-B873-4EC0-6AAD-56758F54C543}.Debug|Any CPU.Build.0 = Debug|Any CPU
		{B8392500-B873-4EC0-6AAD-56758F54C543}.Release|Any CPU.ActiveCfg = Release|Any CPU
		{B8392500-B873-4EC0-6AAD-56758F54C543}.Release|Any CPU.Build.0 = Release|Any CPU
	EndGlobalSection
	GlobalSection(SolutionProperties) = preSolution
		HideSolutionNode = FALSE
	EndGlobalSection
EndGlobal
