Microsoft Visual Studio Solution File, Format Version 11.00
# Visual Studio 2008

Project("{D6C4073C-396F-2289-31A7-914D12A43244}") = "MultiPlayerFPS Android 4", "Assembly-CSharp-firstpass.csproj", "{ED12A8A7-76EB-6C46-C128-8BCECD683179}"
EndProject
Project("{D6C4073C-396F-2289-31A7-914D12A43244}") = "MultiPlayerFPS Android 4", "Assembly-CSharp.csproj", "{260122E5-B5F3-3667-9236-AAB3BF386C6F}"
EndProject
Project("{D6C4073C-396F-2289-31A7-914D12A43244}") = "MultiPlayerFPS Android 4", "Assembly-CSharp-Editor.csproj", "{0CFF1F19-A30A-D15C-BA43-5C974CB1A416}"
EndProject
Global
	GlobalSection(SolutionConfigurationPlatforms) = preSolution
		Debug|Any CPU = Debug|Any CPU
		Release|Any CPU = Release|Any CPU
	EndGlobalSection
	GlobalSection(ProjectConfigurationPlatforms) = postSolution
		{ED12A8A7-76EB-6C46-C128-8BCECD683179}.Debug|Any CPU.ActiveCfg = Debug|Any CPU
		{ED12A8A7-76EB-6C46-C128-8BCECD683179}.Debug|Any CPU.Build.0 = Debug|Any CPU
		{ED12A8A7-76EB-6C46-C128-8BCECD683179}.Release|Any CPU.ActiveCfg = Release|Any CPU
		{ED12A8A7-76EB-6C46-C128-8BCECD683179}.Release|Any CPU.Build.0 = Release|Any CPU
		{260122E5-B5F3-3667-9236-AAB3BF386C6F}.Debug|Any CPU.ActiveCfg = Debug|Any CPU
		{260122E5-B5F3-3667-9236-AAB3BF386C6F}.Debug|Any CPU.Build.0 = Debug|Any CPU
		{260122E5-B5F3-3667-9236-AAB3BF386C6F}.Release|Any CPU.ActiveCfg = Release|Any CPU
		{260122E5-B5F3-3667-9236-AAB3BF386C6F}.Release|Any CPU.Build.0 = Release|Any CPU
		{0CFF1F19-A30A-D15C-BA43-5C974CB1A416}.Debug|Any CPU.ActiveCfg = Debug|Any CPU
		{0CFF1F19-A30A-D15C-BA43-5C974CB1A416}.Debug|Any CPU.Build.0 = Debug|Any CPU
		{0CFF1F19-A30A-D15C-BA43-5C974CB1A416}.Release|Any CPU.ActiveCfg = Release|Any CPU
		{0CFF1F19-A30A-D15C-BA43-5C974CB1A416}.Release|Any CPU.Build.0 = Release|Any CPU
	EndGlobalSection
	GlobalSection(SolutionProperties) = preSolution
		HideSolutionNode = FALSE
	EndGlobalSection
	GlobalSection(MonoDevelopProperties) = preSolution
		StartupItem = Assembly-CSharp.csproj
	EndGlobalSection
EndGlobal
